
Microsoft Visual Studio Solution File, Format Version 12.00
# Visual Studio Version 17
VisualStudioVersion = 17.4.33213.308
MinimumVisualStudioVersion = 10.0.40219.1
Project("{FAE04EC0-301F-11D3-BF4B-00C04F79EFBC}") = "API Test", "API Test\API Test.csproj", "{4451A9A1-1BCB-49D0-9A9A-35B4983E30EC}"
EndProject
Global
	GlobalSection(SolutionConfigurationPlatforms) = preSolution
		Debug|Any CPU = Debug|Any CPU
		Release|Any CPU = Release|Any CPU
	EndGlobalSection
	GlobalSection(ProjectConfigurationPlatforms) = postSolution
		{4451A9A1-1BCB-49D0-9A9A-35B4983E30EC}.Debug|Any CPU.ActiveCfg = Debug|Any CPU
		{4451A9A1-1BCB-49D0-9A9A-35B4983E30EC}.Debug|Any CPU.Build.0 = Debug|Any CPU
		{4451A9A1-1BCB-49D0-9A9A-35B4983E30EC}.Release|Any CPU.ActiveCfg = Release|Any CPU
		{4451A9A1-1BCB-49D0-9A9A-35B4983E30EC}.Release|Any CPU.Build.0 = Release|Any CPU
	EndGlobalSection
	GlobalSection(SolutionProperties) = preSolution
		HideSolutionNode = FALSE
	EndGlobalSection
	GlobalSection(ExtensibilityGlobals) = postSolution
		SolutionGuid = {C41CBCE6-0B5C-46A2-94F2-5DF062541638}
	EndGlobalSection
EndGlobal
